Microsoft Visual Studio Solution File, Format Version 12.00
# Visual Studio Version 17
VisualStudioVersion = 17.5.2.0
MinimumVisualStudioVersion = 10.0.40219.1
Project("{FAE04EC0-301F-11D3-BF4B-00C04F79EFBC}") = "RezepteApp", "RezepteApp\RezepteApp.csproj", "{66D0A712-7C38-08F6-B400-A7DE711283BD}"
EndProject
Global
	GlobalSection(SolutionConfigurationPlatforms) = preSolution
		Debug|Any CPU = Debug|Any CPU
		Release|Any CPU = Release|Any CPU
	EndGlobalSection
	GlobalSection(ProjectConfigurationPlatforms) = postSolution
		{66D0A712-7C38-08F6-B400-A7DE711283BD}.Debug|Any CPU.ActiveCfg = Debug|Any CPU
		{66D0A712-7C38-08F6-B400-A7DE711283BD}.Debug|Any CPU.Build.0 = Debug|Any CPU
		{66D0A712-7C38-08F6-B400-A7DE711283BD}.Release|Any CPU.ActiveCfg = Release|Any CPU
		{66D0A712-7C38-08F6-B400-A7DE711283BD}.Release|Any CPU.Build.0 = Release|Any CPU
	EndGlobalSection
	GlobalSection(SolutionProperties) = preSolution
		HideSolutionNode = FALSE
	EndGlobalSection
	GlobalSection(ExtensibilityGlobals) = postSolution
		SolutionGuid = {A1ABD947-10D1-43A0-B59A-2B50FB7E2541}
	EndGlobalSection
EndGlobal
